
Microsoft Visual Studio Solution File, Format Version 12.00
# Visual Studio Version 17
VisualStudioVersion = 17.0.32112.339
MinimumVisualStudioVersion = 10.0.40219.1
Project("{8BC9CEB8-8B4A-11D0-8D11-00A0C91BC942}") = "Pract4_Ex1AND2", "Pract4_Ex1AND2\Pract4_Ex1AND2.vcxproj", "{151357FE-39D7-4744-80DB-813F511EAE71}"
EndProject
Project("{8BC9CEB8-8B4A-11D0-8D11-00A0C91BC942}") = "A_Pract02Ex1", "A_Pract02Ex1\A_Pract02Ex1.vcxproj", "{EB2AE4AA-590E-4F43-8C8A-6C6313FEC807}"
EndProject
Project("{8BC9CEB8-8B4A-11D0-8D11-00A0C91BC942}") = "A_Pract02Ex2", "A_Pract02Ex2\A_Pract02Ex2.vcxproj", "{5389FE5E-C6E6-4D76-A522-4DDD8568F45A}"
EndProject
Project("{2150E333-8FDC-42A3-9474-1A3956D46DE8}") = "Seminar", "Seminar", "{9726F5A4-EDE5-4F4A-A00F-77996CECCCBB}"
EndProject
Project("{2150E333-8FDC-42A3-9474-1A3956D46DE8}") = "Lectures", "Lectures", "{8355640F-C93D-48B8-9AA7-04A7192AAC44}"
EndProject
Project("{2150E333-8FDC-42A3-9474-1A3956D46DE8}") = "Practicum", "Practicum", "{D766716D-CE3F-40B2-A846-04B7C645042E}"
EndProject
Project("{8BC9CEB8-8B4A-11D0-8D11-00A0C91BC942}") = "A_Pract02Ex3", "A_Pract02Ex3\A_Pract02Ex3.vcxproj", "{1F614DC6-CB32-418B-B2BF-AD24DAD98948}"
EndProject
Project("{8BC9CEB8-8B4A-11D0-8D11-00A0C91BC942}") = "Pract5_Ex1", "Pract5_Ex1\Pract5_Ex1.vcxproj", "{59FCBBCE-AB78-4B60-9C1C-A88648E24BDA}"
EndProject
Project("{8BC9CEB8-8B4A-11D0-8D11-00A0C91BC942}") = "k_Ex6.3", "k_Ex6.3\k_Ex6.3.vcxproj", "{612EDDF1-0736-4754-8863-03C0B193068F}"
EndProject
Project("{8BC9CEB8-8B4A-11D0-8D11-00A0C91BC942}") = "Pract6_Ex1", "Pract6_Ex1\Pract6_Ex1.vcxproj", "{A5002820-03AB-4A85-913E-AADC29DB3879}"
EndProject
Project("{8BC9CEB8-8B4A-11D0-8D11-00A0C91BC942}") = "A_Week3_Ex3", "A_Week3_Ex3\A_Week3_Ex3.vcxproj", "{3BB458E5-DF58-4906-9B7C-700D91930FF3}"
EndProject
Project("{8BC9CEB8-8B4A-11D0-8D11-00A0C91BC942}") = "A_Week5_Ex1And2", "A_Week5_Ex1And2\A_Week5_Ex1And2.vcxproj", "{D86E0426-AEAD-44E3-80A4-2A965780BF9A}"
EndProject
Project("{8BC9CEB8-8B4A-11D0-8D11-00A0C91BC942}") = "Pract8__Ex1", "Pract8__Ex1\Pract8__Ex1.vcxproj", "{11E19FC9-8ED8-41DD-9D2E-3D124F99F0B9}"
EndProject
Project("{8BC9CEB8-8B4A-11D0-8D11-00A0C91BC942}") = "HW1_Ex1", "HW1\HW1.vcxproj", "{13E348C0-4C5C-481A-AAFD-54FBA30213DF}"
EndProject
Project("{2150E333-8FDC-42A3-9474-1A3956D46DE8}") = "Homework", "Homework", "{B05D0887-9CF4-4395-AAB7-0FC839FA08BE}"
EndProject
Project("{8BC9CEB8-8B4A-11D0-8D11-00A0C91BC942}") = "HW1_Ex2", "HW1_Ex2\HW1_Ex2.vcxproj", "{D5ECC7DA-BD0E-4903-9F16-F6718B51B205}"
EndProject
Project("{8BC9CEB8-8B4A-11D0-8D11-00A0C91BC942}") = "K_Klass_Practise_Set", "K_Klass_Practise_Set\K_Klass_Practise_Set.vcxproj", "{334AAE79-7FC4-4783-A068-836338E65878}"
EndProject
Project("{8BC9CEB8-8B4A-11D0-8D11-00A0C91BC942}") = "Pract13_Ex1", "Pract13_Ex1\Pract13_Ex1.vcxproj", "{C953DE34-163C-402C-BF5D-28EDEC378DEA}"
EndProject
Project("{8BC9CEB8-8B4A-11D0-8D11-00A0C91BC942}") = "Pract14_Ex1", "Pract14_Ex1\Pract14_Ex1.vcxproj", "{FBEC319E-C873-4E80-9C54-E9D1372A0FE9}"
EndProject
Project("{8BC9CEB8-8B4A-11D0-8D11-00A0C91BC942}") = "Pract10_Ex1", "Pract10_Ex1\Pract10_Ex1.vcxproj", "{F8DC42C3-DEEE-42D6-83D0-E2DF066B9DA2}"
EndProject
Project("{2150E333-8FDC-42A3-9474-1A3956D46DE8}") = "Test-Prep", "Test-Prep", "{83CAD74A-0B48-41C0-A77E-3D4914CC235A}"
EndProject
Project("{8BC9CEB8-8B4A-11D0-8D11-00A0C91BC942}") = "Sem_Week11_Testing", "Sem_Week11_Testing\Sem_Week11_Testing.vcxproj", "{8A23949F-ABEE-4A20-94B7-D28F0C3A1773}"
EndProject
Project("{8BC9CEB8-8B4A-11D0-8D11-00A0C91BC942}") = "Week10_Readme_Ex1", "Week10_Readme_Ex1\Week10_Readme_Ex1.vcxproj", "{E1AE371B-7D54-4AFB-8185-2A5C5B822B68}"
EndProject
Project("{8BC9CEB8-8B4A-11D0-8D11-00A0C91BC942}") = "HW2", "HW2\HW2.vcxproj", "{D5511058-E5F1-46BB-A0EA-4C6FEBE41160}"
EndProject
Project("{8BC9CEB8-8B4A-11D0-8D11-00A0C91BC942}") = "Pract13_Ex2", "Pract13_Ex2\Pract13_Ex2.vcxproj", "{F4F6ECC8-1305-4342-A055-0F1CBD60EFC3}"
EndProject
Global
	GlobalSection(SolutionConfigurationPlatforms) = preSolution
		Debug|x64 = Debug|x64
		Debug|x86 = Debug|x86
		Release|x64 = Release|x64
		Release|x86 = Release|x86
	EndGlobalSection
	GlobalSection(ProjectConfigurationPlatforms) = postSolution
		{151357FE-39D7-4744-80DB-813F511EAE71}.Debug|x64.ActiveCfg = Debug|x64
		{151357FE-39D7-4744-80DB-813F511EAE71}.Debug|x64.Build.0 = Debug|x64
		{151357FE-39D7-4744-80DB-813F511EAE71}.Debug|x86.ActiveCfg = Debug|Win32
		{151357FE-39D7-4744-80DB-813F511EAE71}.Debug|x86.Build.0 = Debug|Win32
		{151357FE-39D7-4744-80DB-813F511EAE71}.Release|x64.ActiveCfg = Release|x64
		{151357FE-39D7-4744-80DB-813F511EAE71}.Release|x64.Build.0 = Release|x64
		{151357FE-39D7-4744-80DB-813F511EAE71}.Release|x86.ActiveCfg = Release|Win32
		{151357FE-39D7-4744-80DB-813F511EAE71}.Release|x86.Build.0 = Release|Win32
		{EB2AE4AA-590E-4F43-8C8A-6C6313FEC807}.Debug|x64.ActiveCfg = Debug|x64
		{EB2AE4AA-590E-4F43-8C8A-6C6313FEC807}.Debug|x64.Build.0 = Debug|x64
		{EB2AE4AA-590E-4F43-8C8A-6C6313FEC807}.Debug|x86.ActiveCfg = Debug|Win32
		{EB2AE4AA-590E-4F43-8C8A-6C6313FEC807}.Debug|x86.Build.0 = Debug|Win32
		{EB2AE4AA-590E-4F43-8C8A-6C6313FEC807}.Release|x64.ActiveCfg = Release|x64
		{EB2AE4AA-590E-4F43-8C8A-6C6313FEC807}.Release|x64.Build.0 = Release|x64
		{EB2AE4AA-590E-4F43-8C8A-6C6313FEC807}.Release|x86.ActiveCfg = Release|Win32
		{EB2AE4AA-590E-4F43-8C8A-6C6313FEC807}.Release|x86.Build.0 = Release|Win32
		{5389FE5E-C6E6-4D76-A522-4DDD8568F45A}.Debug|x64.ActiveCfg = Debug|x64
		{5389FE5E-C6E6-4D76-A522-4DDD8568F45A}.Debug|x64.Build.0 = Debug|x64
		{5389FE5E-C6E6-4D76-A522-4DDD8568F45A}.Debug|x86.ActiveCfg = Debug|Win32
		{5389FE5E-C6E6-4D76-A522-4DDD8568F45A}.Debug|x86.Build.0 = Debug|Win32
		{5389FE5E-C6E6-4D76-A522-4DDD8568F45A}.Release|x64.ActiveCfg = Release|x64
		{5389FE5E-C6E6-4D76-A522-4DDD8568F45A}.Release|x64.Build.0 = Release|x64
		{5389FE5E-C6E6-4D76-A522-4DDD8568F45A}.Release|x86.ActiveCfg = Release|Win32
		{5389FE5E-C6E6-4D76-A522-4DDD8568F45A}.Release|x86.Build.0 = Release|Win32
		{1F614DC6-CB32-418B-B2BF-AD24DAD98948}.Debug|x64.ActiveCfg = Debug|x64
		{1F614DC6-CB32-418B-B2BF-AD24DAD98948}.Debug|x64.Build.0 = Debug|x64
		{1F614DC6-CB32-418B-B2BF-AD24DAD98948}.Debug|x86.ActiveCfg = Debug|Win32
		{1F614DC6-CB32-418B-B2BF-AD24DAD98948}.Debug|x86.Build.0 = Debug|Win32
		{1F614DC6-CB32-418B-B2BF-AD24DAD98948}.Release|x64.ActiveCfg = Release|x64
		{1F614DC6-CB32-418B-B2BF-AD24DAD98948}.Release|x64.Build.0 = Release|x64
		{1F614DC6-CB32-418B-B2BF-AD24DAD98948}.Release|x86.ActiveCfg = Release|Win32
		{1F614DC6-CB32-418B-B2BF-AD24DAD98948}.Release|x86.Build.0 = Release|Win32
		{59FCBBCE-AB78-4B60-9C1C-A88648E24BDA}.Debug|x64.ActiveCfg = Debug|x64
		{59FCBBCE-AB78-4B60-9C1C-A88648E24BDA}.Debug|x64.Build.0 = Debug|x64
		{59FCBBCE-AB78-4B60-9C1C-A88648E24BDA}.Debug|x86.ActiveCfg = Debug|Win32
		{59FCBBCE-AB78-4B60-9C1C-A88648E24BDA}.Debug|x86.Build.0 = Debug|Win32
		{59FCBBCE-AB78-4B60-9C1C-A88648E24BDA}.Release|x64.ActiveCfg = Release|x64
		{59FCBBCE-AB78-4B60-9C1C-A88648E24BDA}.Release|x64.Build.0 = Release|x64
		{59FCBBCE-AB78-4B60-9C1C-A88648E24BDA}.Release|x86.ActiveCfg = Release|Win32
		{59FCBBCE-AB78-4B60-9C1C-A88648E24BDA}.Release|x86.Build.0 = Release|Win32
		{612EDDF1-0736-4754-8863-03C0B193068F}.Debug|x64.ActiveCfg = Debug|x64
		{612EDDF1-0736-4754-8863-03C0B193068F}.Debug|x64.Build.0 = Debug|x64
		{612EDDF1-0736-4754-8863-03C0B193068F}.Debug|x86.ActiveCfg = Debug|Win32
		{612EDDF1-0736-4754-8863-03C0B193068F}.Debug|x86.Build.0 = Debug|Win32
		{612EDDF1-0736-4754-8863-03C0B193068F}.Release|x64.ActiveCfg = Release|x64
		{612EDDF1-0736-4754-8863-03C0B193068F}.Release|x64.Build.0 = Release|x64
		{612EDDF1-0736-4754-8863-03C0B193068F}.Release|x86.ActiveCfg = Release|Win32
		{612EDDF1-0736-4754-8863-03C0B193068F}.Release|x86.Build.0 = Release|Win32
		{A5002820-03AB-4A85-913E-AADC29DB3879}.Debug|x64.ActiveCfg = Debug|x64
		{A5002820-03AB-4A85-913E-AADC29DB3879}.Debug|x64.Build.0 = Debug|x64
		{A5002820-03AB-4A85-913E-AADC29DB3879}.Debug|x86.ActiveCfg = Debug|Win32
		{A5002820-03AB-4A85-913E-AADC29DB3879}.Debug|x86.Build.0 = Debug|Win32
		{A5002820-03AB-4A85-913E-AADC29DB3879}.Release|x64.ActiveCfg = Release|x64
		{A5002820-03AB-4A85-913E-AADC29DB3879}.Release|x64.Build.0 = Release|x64
		{A5002820-03AB-4A85-913E-AADC29DB3879}.Release|x86.ActiveCfg = Release|Win32
		{A5002820-03AB-4A85-913E-AADC29DB3879}.Release|x86.Build.0 = Release|Win32
		{3BB458E5-DF58-4906-9B7C-700D91930FF3}.Debug|x64.ActiveCfg = Debug|x64
		{3BB458E5-DF58-4906-9B7C-700D91930FF3}.Debug|x64.Build.0 = Debug|x64
		{3BB458E5-DF58-4906-9B7C-700D91930FF3}.Debug|x86.ActiveCfg = Debug|Win32
		{3BB458E5-DF58-4906-9B7C-700D91930FF3}.Debug|x86.Build.0 = Debug|Win32
		{3BB458E5-DF58-4906-9B7C-700D91930FF3}.Release|x64.ActiveCfg = Release|x64
		{3BB458E5-DF58-4906-9B7C-700D91930FF3}.Release|x64.Build.0 = Release|x64
		{3BB458E5-DF58-4906-9B7C-700D91930FF3}.Release|x86.ActiveCfg = Release|Win32
		{3BB458E5-DF58-4906-9B7C-700D91930FF3}.Release|x86.Build.0 = Release|Win32
		{D86E0426-AEAD-44E3-80A4-2A965780BF9A}.Debug|x64.ActiveCfg = Debug|x64
		{D86E0426-AEAD-44E3-80A4-2A965780BF9A}.Debug|x64.Build.0 = Debug|x64
		{D86E0426-AEAD-44E3-80A4-2A965780BF9A}.Debug|x86.ActiveCfg = Debug|Win32
		{D86E0426-AEAD-44E3-80A4-2A965780BF9A}.Debug|x86.Build.0 = Debug|Win32
		{D86E0426-AEAD-44E3-80A4-2A965780BF9A}.Release|x64.ActiveCfg = Release|x64
		{D86E0426-AEAD-44E3-80A4-2A965780BF9A}.Release|x64.Build.0 = Release|x64
		{D86E0426-AEAD-44E3-80A4-2A965780BF9A}.Release|x86.ActiveCfg = Release|Win32
		{D86E0426-AEAD-44E3-80A4-2A965780BF9A}.Release|x86.Build.0 = Release|Win32
		{11E19FC9-8ED8-41DD-9D2E-3D124F99F0B9}.Debug|x64.ActiveCfg = Debug|x64
		{11E19FC9-8ED8-41DD-9D2E-3D124F99F0B9}.Debug|x64.Build.0 = Debug|x64
		{11E19FC9-8ED8-41DD-9D2E-3D124F99F0B9}.Debug|x86.ActiveCfg = Debug|Win32
		{11E19FC9-8ED8-41DD-9D2E-3D124F99F0B9}.Debug|x86.Build.0 = Debug|Win32
		{11E19FC9-8ED8-41DD-9D2E-3D124F99F0B9}.Release|x64.ActiveCfg = Release|x64
		{11E19FC9-8ED8-41DD-9D2E-3D124F99F0B9}.Release|x64.Build.0 = Release|x64
		{11E19FC9-8ED8-41DD-9D2E-3D124F99F0B9}.Release|x86.ActiveCfg = Release|Win32
		{11E19FC9-8ED8-41DD-9D2E-3D124F99F0B9}.Release|x86.Build.0 = Release|Win32
		{13E348C0-4C5C-481A-AAFD-54FBA30213DF}.Debug|x64.ActiveCfg = Debug|x64
		{13E348C0-4C5C-481A-AAFD-54FBA30213DF}.Debug|x64.Build.0 = Debug|x64
		{13E348C0-4C5C-481A-AAFD-54FBA30213DF}.Debug|x86.ActiveCfg = Debug|Win32
		{13E348C0-4C5C-481A-AAFD-54FBA30213DF}.Debug|x86.Build.0 = Debug|Win32
		{13E348C0-4C5C-481A-AAFD-54FBA30213DF}.Release|x64.ActiveCfg = Release|x64
		{13E348C0-4C5C-481A-AAFD-54FBA30213DF}.Release|x64.Build.0 = Release|x64
		{13E348C0-4C5C-481A-AAFD-54FBA30213DF}.Release|x86.ActiveCfg = Release|Win32
		{13E348C0-4C5C-481A-AAFD-54FBA30213DF}.Release|x86.Build.0 = Release|Win32
		{D5ECC7DA-BD0E-4903-9F16-F6718B51B205}.Debug|x64.ActiveCfg = Debug|x64
		{D5ECC7DA-BD0E-4903-9F16-F6718B51B205}.Debug|x64.Build.0 = Debug|x64
		{D5ECC7DA-BD0E-4903-9F16-F6718B51B205}.Debug|x86.ActiveCfg = Debug|Win32
		{D5ECC7DA-BD0E-4903-9F16-F6718B51B205}.Debug|x86.Build.0 = Debug|Win32
		{D5ECC7DA-BD0E-4903-9F16-F6718B51B205}.Release|x64.ActiveCfg = Release|x64
		{D5ECC7DA-BD0E-4903-9F16-F6718B51B205}.Release|x64.Build.0 = Release|x64
		{D5ECC7DA-BD0E-4903-9F16-F6718B51B205}.Release|x86.ActiveCfg = Release|Win32
		{D5ECC7DA-BD0E-4903-9F16-F6718B51B205}.Release|x86.Build.0 = Release|Win32
		{334AAE79-7FC4-4783-A068-836338E65878}.Debug|x64.ActiveCfg = Debug|x64
		{334AAE79-7FC4-4783-A068-836338E65878}.Debug|x64.Build.0 = Debug|x64
		{334AAE79-7FC4-4783-A068-836338E65878}.Debug|x86.ActiveCfg = Debug|Win32
		{334AAE79-7FC4-4783-A068-836338E65878}.Debug|x86.Build.0 = Debug|Win32
		{334AAE79-7FC4-4783-A068-836338E65878}.Release|x64.ActiveCfg = Release|x64
		{334AAE79-7FC4-4783-A068-836338E65878}.Release|x64.Build.0 = Release|x64
		{334AAE79-7FC4-4783-A068-836338E65878}.Release|x86.ActiveCfg = Release|Win32
		{334AAE79-7FC4-4783-A068-836338E65878}.Release|x86.Build.0 = Release|Win32
		{C953DE34-163C-402C-BF5D-28EDEC378DEA}.Debug|x64.ActiveCfg = Debug|x64
		{C953DE34-163C-402C-BF5D-28EDEC378DEA}.Debug|x64.Build.0 = Debug|x64
		{C953DE34-163C-402C-BF5D-28EDEC378DEA}.Debug|x86.ActiveCfg = Debug|Win32
		{C953DE34-163C-402C-BF5D-28EDEC378DEA}.Debug|x86.Build.0 = Debug|Win32
		{C953DE34-163C-402C-BF5D-28EDEC378DEA}.Release|x64.ActiveCfg = Release|x64
		{C953DE34-163C-402C-BF5D-28EDEC378DEA}.Release|x64.Build.0 = Release|x64
		{C953DE34-163C-402C-BF5D-28EDEC378DEA}.Release|x86.ActiveCfg = Release|Win32
		{C953DE34-163C-402C-BF5D-28EDEC378DEA}.Release|x86.Build.0 = Release|Win32
		{FBEC319E-C873-4E80-9C54-E9D1372A0FE9}.Debug|x64.ActiveCfg = Debug|x64
		{FBEC319E-C873-4E80-9C54-E9D1372A0FE9}.Debug|x64.Build.0 = Debug|x64
		{FBEC319E-C873-4E80-9C54-E9D1372A0FE9}.Debug|x86.ActiveCfg = Debug|Win32
		{FBEC319E-C873-4E80-9C54-E9D1372A0FE9}.Debug|x86.Build.0 = Debug|Win32
		{FBEC319E-C873-4E80-9C54-E9D1372A0FE9}.Release|x64.ActiveCfg = Release|x64
		{FBEC319E-C873-4E80-9C54-E9D1372A0FE9}.Release|x64.Build.0 = Release|x64
		{FBEC319E-C873-4E80-9C54-E9D1372A0FE9}.Release|x86.ActiveCfg = Release|Win32
		{FBEC319E-C873-4E80-9C54-E9D1372A0FE9}.Release|x86.Build.0 = Release|Win32
		{F8DC42C3-DEEE-42D6-83D0-E2DF066B9DA2}.Debug|x64.ActiveCfg = Debug|x64
		{F8DC42C3-DEEE-42D6-83D0-E2DF066B9DA2}.Debug|x64.Build.0 = Debug|x64
		{F8DC42C3-DEEE-42D6-83D0-E2DF066B9DA2}.Debug|x86.ActiveCfg = Debug|Win32
		{F8DC42C3-DEEE-42D6-83D0-E2DF066B9DA2}.Debug|x86.Build.0 = Debug|Win32
		{F8DC42C3-DEEE-42D6-83D0-E2DF066B9DA2}.Release|x64.ActiveCfg = Release|x64
		{F8DC42C3-DEEE-42D6-83D0-E2DF066B9DA2}.Release|x64.Build.0 = Release|x64
		{F8DC42C3-DEEE-42D6-83D0-E2DF066B9DA2}.Release|x86.ActiveCfg = Release|Win32
		{F8DC42C3-DEEE-42D6-83D0-E2DF066B9DA2}.Release|x86.Build.0 = Release|Win32
		{8A23949F-ABEE-4A20-94B7-D28F0C3A1773}.Debug|x64.ActiveCfg = Debug|x64
		{8A23949F-ABEE-4A20-94B7-D28F0C3A1773}.Debug|x64.Build.0 = Debug|x64
		{8A23949F-ABEE-4A20-94B7-D28F0C3A1773}.Debug|x86.ActiveCfg = Debug|Win32
		{8A23949F-ABEE-4A20-94B7-D28F0C3A1773}.Debug|x86.Build.0 = Debug|Win32
		{8A23949F-ABEE-4A20-94B7-D28F0C3A1773}.Release|x64.ActiveCfg = Release|x64
		{8A23949F-ABEE-4A20-94B7-D28F0C3A1773}.Release|x64.Build.0 = Release|x64
		{8A23949F-ABEE-4A20-94B7-D28F0C3A1773}.Release|x86.ActiveCfg = Release|Win32
		{8A23949F-ABEE-4A20-94B7-D28F0C3A1773}.Release|x86.Build.0 = Release|Win32
		{E1AE371B-7D54-4AFB-8185-2A5C5B822B68}.Debug|x64.ActiveCfg = Debug|x64
		{E1AE371B-7D54-4AFB-8185-2A5C5B822B68}.Debug|x64.Build.0 = Debug|x64
		{E1AE371B-7D54-4AFB-8185-2A5C5B822B68}.Debug|x86.ActiveCfg = Debug|Win32
		{E1AE371B-7D54-4AFB-8185-2A5C5B822B68}.Debug|x86.Build.0 = Debug|Win32
		{E1AE371B-7D54-4AFB-8185-2A5C5B822B68}.Release|x64.ActiveCfg = Release|x64
		{E1AE371B-7D54-4AFB-8185-2A5C5B822B68}.Release|x64.Build.0 = Release|x64
		{E1AE371B-7D54-4AFB-8185-2A5C5B822B68}.Release|x86.ActiveCfg = Release|Win32
		{E1AE371B-7D54-4AFB-8185-2A5C5B822B68}.Release|x86.Build.0 = Release|Win32
		{D5511058-E5F1-46BB-A0EA-4C6FEBE41160}.Debug|x64.ActiveCfg = Debug|x64
		{D5511058-E5F1-46BB-A0EA-4C6FEBE41160}.Debug|x64.Build.0 = Debug|x64
		{D5511058-E5F1-46BB-A0EA-4C6FEBE41160}.Debug|x86.ActiveCfg = Debug|Win32
		{D5511058-E5F1-46BB-A0EA-4C6FEBE41160}.Debug|x86.Build.0 = Debug|Win32
		{D5511058-E5F1-46BB-A0EA-4C6FEBE41160}.Release|x64.ActiveCfg = Release|x64
		{D5511058-E5F1-46BB-A0EA-4C6FEBE41160}.Release|x64.Build.0 = Release|x64
		{D5511058-E5F1-46BB-A0EA-4C6FEBE41160}.Release|x86.ActiveCfg = Release|Win32
		{D5511058-E5F1-46BB-A0EA-4C6FEBE41160}.Release|x86.Build.0 = Release|Win32
		{F4F6ECC8-1305-4342-A055-0F1CBD60EFC3}.Debug|x64.ActiveCfg = Debug|x64
		{F4F6ECC8-1305-4342-A055-0F1CBD60EFC3}.Debug|x64.Build.0 = Debug|x64
		{F4F6ECC8-1305-4342-A055-0F1CBD60EFC3}.Debug|x86.ActiveCfg = Debug|Win32
		{F4F6ECC8-1305-4342-A055-0F1CBD60EFC3}.Debug|x86.Build.0 = Debug|Win32
		{F4F6ECC8-1305-4342-A055-0F1CBD60EFC3}.Release|x64.ActiveCfg = Release|x64
		{F4F6ECC8-1305-4342-A055-0F1CBD60EFC3}.Release|x64.Build.0 = Release|x64
		{F4F6ECC8-1305-4342-A055-0F1CBD60EFC3}.Release|x86.ActiveCfg = Release|Win32
		{F4F6ECC8-1305-4342-A055-0F1CBD60EFC3}.Release|x86.Build.0 = Release|Win32
	EndGlobalSection
	GlobalSection(SolutionProperties) = preSolution
		HideSolutionNode = FALSE
	EndGlobalSection
	GlobalSection(NestedProjects) = preSolution
		{151357FE-39D7-4744-80DB-813F511EAE71} = {D766716D-CE3F-40B2-A846-04B7C645042E}
		{EB2AE4AA-590E-4F43-8C8A-6C6313FEC807} = {9726F5A4-EDE5-4F4A-A00F-77996CECCCBB}
		{5389FE5E-C6E6-4D76-A522-4DDD8568F45A} = {9726F5A4-EDE5-4F4A-A00F-77996CECCCBB}
		{1F614DC6-CB32-418B-B2BF-AD24DAD98948} = {9726F5A4-EDE5-4F4A-A00F-77996CECCCBB}
		{59FCBBCE-AB78-4B60-9C1C-A88648E24BDA} = {D766716D-CE3F-40B2-A846-04B7C645042E}
		{612EDDF1-0736-4754-8863-03C0B193068F} = {8355640F-C93D-48B8-9AA7-04A7192AAC44}
		{A5002820-03AB-4A85-913E-AADC29DB3879} = {D766716D-CE3F-40B2-A846-04B7C645042E}
		{3BB458E5-DF58-4906-9B7C-700D91930FF3} = {9726F5A4-EDE5-4F4A-A00F-77996CECCCBB}
		{D86E0426-AEAD-44E3-80A4-2A965780BF9A} = {9726F5A4-EDE5-4F4A-A00F-77996CECCCBB}
		{11E19FC9-8ED8-41DD-9D2E-3D124F99F0B9} = {D766716D-CE3F-40B2-A846-04B7C645042E}
		{13E348C0-4C5C-481A-AAFD-54FBA30213DF} = {B05D0887-9CF4-4395-AAB7-0FC839FA08BE}
		{D5ECC7DA-BD0E-4903-9F16-F6718B51B205} = {B05D0887-9CF4-4395-AAB7-0FC839FA08BE}
		{334AAE79-7FC4-4783-A068-836338E65878} = {8355640F-C93D-48B8-9AA7-04A7192AAC44}
		{C953DE34-163C-402C-BF5D-28EDEC378DEA} = {D766716D-CE3F-40B2-A846-04B7C645042E}
		{FBEC319E-C873-4E80-9C54-E9D1372A0FE9} = {D766716D-CE3F-40B2-A846-04B7C645042E}
		{F8DC42C3-DEEE-42D6-83D0-E2DF066B9DA2} = {D766716D-CE3F-40B2-A846-04B7C645042E}
		{8A23949F-ABEE-4A20-94B7-D28F0C3A1773} = {83CAD74A-0B48-41C0-A77E-3D4914CC235A}
		{E1AE371B-7D54-4AFB-8185-2A5C5B822B68} = {83CAD74A-0B48-41C0-A77E-3D4914CC235A}
		{D5511058-E5F1-46BB-A0EA-4C6FEBE41160} = {B05D0887-9CF4-4395-AAB7-0FC839FA08BE}
		{F4F6ECC8-1305-4342-A055-0F1CBD60EFC3} = {D766716D-CE3F-40B2-A846-04B7C645042E}
	EndGlobalSection
	GlobalSection(ExtensibilityGlobals) = postSolution
		SolutionGuid = {E92B7EF5-92D4-4CE8-AA9F-25F260BA9ABC}
	EndGlobalSection
EndGlobal
